// !$*UTF8*$!
{
	archiveVersion = 1;
	classes = {
	};
	objectVersion = 50;
	objects = {

/* Begin PBXBuildFile section */
		DBABDAA820E75F2A00DB5B97 /* AppDelegate.swift in Sources */ = {isa = PBXBuildFile; fileRef = DBABDAA720E75F2A00DB5B97 /* AppDelegate.swift */; };
		DBABDAAA20E75F2A00DB5B97 /* ViewController.swift in Sources */ = {isa = PBXBuildFile; fileRef = DBABDAA920E75F2A00DB5B97 /* ViewController.swift */; };
		DBABDAAD20E75F2A00DB5B97 /* Main.storyboard in Resources */ = {isa = PBXBuildFile; fileRef = DBABDAAB20E75F2A00DB5B97 /* Main.storyboard */; };
		DBABDAAF20E75F2B00DB5B97 /* Assets.xcassets in Resources */ = {isa = PBXBuildFile; fileRef = DBABDAAE20E75F2B00DB5B97 /* Assets.xcassets */; };
		DBABDAB220E75F2B00DB5B97 /* LaunchScreen.storyboard in Resources */ = {isa = PBXBuildFile; fileRef = DBABDAB020E75F2B00DB5B97 /* LaunchScreen.storyboard */; };
/* End PBXBuildFile section */

/* Begin PBXFileReference section */
		DBABDAA420E75F2A00DB5B97 /* Users.app */ = {isa = PBXFileReference; explicitFileType = wrapper.application; includeInIndex = 0; path = Users.app; sourceTree = BUILT_PRODUCTS_DIR; };
		DBABDAA720E75F2A00DB5B97 /* AppDelegate.swift */ = {isa = PBXFileReference; lastKnownFileType = sourcecode.swift; path = AppDelegate.swift; sourceTree = "<group>"; };
		DBABDAA920E75F2A00DB5B97 /* ViewController.swift */ = {isa = PBXFileReference; lastKnownFileType = sourcecode.swift; path = ViewController.swift; sourceTree = "<group>"; };
		DBABDAAC20E75F2A00DB5B97 /* Base */ = {isa = PBXFileReference; lastKnownFileType = file.storyboard; name = Base; path = Base.lproj/Main.storyboard; sourceTree = "<group>"; };
		DBABDAAE20E75F2B00DB5B97 /* Assets.xcassets */ = {isa = PBXFileReference; lastKnownFileType = folder.assetcatalog; path = Assets.xcassets; sourceTree = "<group>"; };
		DBABDAB120E75F2B00DB5B97 /* Base */ = {isa = PBXFileReference; lastKnownFileType = file.storyboard; name = Base; path = Base.lproj/LaunchScreen.storyboard; sourceTree = "<group>"; };
		DBABDAB320E75F2B00DB5B97 /* Info.plist */ = {isa = PBXFileReference; lastKnownFileType = text.plist.xml; path = Info.plist; sourceTree = "<group>"; };
/* End PBXFileReference section */

/* Begin PBXFrameworksBuildPhase section */
		DBABDAA120E75F2A00DB5B97 /* Frameworks */ = {
			isa = PBXFrameworksBuildPhase;
			buildActionMask = 2147483647;
			files = (
			);
			runOnlyForDeploymentPostprocessing = 0;
		};
/* End PBXFrameworksBuildPhase section */

/* Begin PBXGroup section */
		DBABDA9B20E75F2A00DB5B97 = {
			isa = PBXGroup;
			children = (
				DBABDAA620E75F2A00DB5B97 /* Users */,
				DBABDAA520E75F2A00DB5B97 /* Products */,
			);
			sourceTree = "<group>";
		};
		DBABDAA520E75F2A00DB5B97 /* Products */ = {
			isa = PBXGroup;
			children = (
				DBABDAA420E75F2A00DB5B97 /* Users.app */,
			);
			name = Products;
			sourceTree = "<group>";
		};
		DBABDAA620E75F2A00DB5B97 /* Users */ = {
			isa = PBXGroup;
			children = (
				DBABDAA720E75F2A00DB5B97 /* AppDelegate.swift */,
				DBABDAA920E75F2A00DB5B97 /* ViewController.swift */,
				DBABDAAB20E75F2A00DB5B97 /* Main.storyboard */,
				DBABDAAE20E75F2B00DB5B97 /* Assets.xcassets */,
				DBABDAB020E75F2B00DB5B97 /* LaunchScreen.storyboard */,
				DBABDAB320E75F2B00DB5B97 /* Info.plist */,
			);
			path = Users;
			sourceTree = "<group>";
		};
/* End PBXGroup section */

/* Begin PBXNativeTarget section */
		DBABDAA320E75F2A00DB5B97 /* Users */ = {
			isa = PBXNativeTarget;
			buildConfigurationList = DBABDAB620E75F2B00DB5B97 /* Build configuration list for PBXNativeTarget "Users" */;
			buildPhases = (
				DBABDAA020E75F2A00DB5B97 /* Sources */,
				DBABDAA120E75F2A00DB5B97 /* Frameworks */,
				DBABDAA220E75F2A00DB5B97 /* Resources */,
			);
			buildRules = (
			);
			dependencies = (
			);
			name = Users;
			productName = Users;
			productReference = DBABDAA420E75F2A00DB5B97 /* Users.app */;
			productType = "com.apple.product-type.application";
		};
/* End PBXNativeTarget section */

/* Begin PBXProject section */
		DBABDA9C20E75F2A00DB5B97 /* Project object */ = {
			isa = PBXProject;
			attributes = {
				LastSwiftUpdateCheck = 0940;
				LastUpgradeCheck = 0940;
				ORGANIZATIONNAME = moonshadow;
				TargetAttributes = {
					DBABDAA320E75F2A00DB5B97 = {
						CreatedOnToolsVersion = 9.4.1;
					};
				};
			};
			buildConfigurationList = DBABDA9F20E75F2A00DB5B97 /* Build configuration list for PBXProject "Users" */;
			compatibilityVersion = "Xcode 9.3";
			developmentRegion = en;
			hasScannedForEncodings = 0;
			knownRegions = (
				en,
				Base,
			);
			mainGroup = DBABDA9B20E75F2A00DB5B97;
			productRefGroup = DBABDAA520E75F2A00DB5B97 /* Products */;
			projectDirPath = "";
			projectRoot = "";
			targets = (
				DBABDAA320E75F2A00DB5B97 /* Users */,
			);
		};
/* End PBXProject section */

/* Begin PBXResourcesBuildPhase section */
		DBABDAA220E75F2A00DB5B97 /* Resources */ = {
			isa = PBXResourcesBuildPhase;
			buildActionMask = 2147483647;
			files = (
				DBABDAB220E75F2B00DB5B97 /* LaunchScreen.storyboard in Resources */,
				DBABDAAF20E75F2B00DB5B97 /* Assets.xcassets in Resources */,
				DBABDAAD20E75F2A00DB5B97 /* Main.storyboard in Resources */,
			);
			runOnlyForDeploymentPostprocessing = 0;
		};
/* End PBXResourcesBuildPhase section */

/* Begin PBXSourcesBuildPhase section */
		DBABDAA020E75F2A00DB5B97 /* Sources */ = {
			isa = PBXSourcesBuildPhase;
			buildActionMask = 2147483647;
			files = (
				DBABDAAA20E75F2A00DB5B97 /* ViewController.swift in Sources */,
				DBABDAA820E75F2A00DB5B97 /* AppDelegate.swift in Sources */,
			);
			runOnlyForDeploymentPostprocessing = 0;
		};
/* End PBXSourcesBuildPhase section */

/* Begin PBXVariantGroup section */
		DBABDAAB20E75F2A00DB5B97 /* Main.storyboard */ = {
			isa = PBXVariantGroup;
			children = (
				DBABDAAC20E75F2A00DB5B97 /* Base */,
			);
			name = Main.storyboard;
			sourceTree = "<group>";
		};
		DBABDAB020E75F2B00DB5B97 /* LaunchScreen.storyboard */ = {
			isa = PBXVariantGroup;
			children = (
				DBABDAB120E75F2B00DB5B97 /* Base */,
			);
			name = LaunchScreen.storyboard;
			sourceTree = "<group>";
		};
/* End PBXVariantGroup section */

/* Begin XCBuildConfiguration section */
		DBABDAB420E75F2B00DB5B97 /* Debug */ = {
			isa = XCBuildConfiguration;
			buildSettings = {
				ALWAYS_SEARCH_USER_PATHS = NO;
				CLANG_ANALYZER_NONNULL = YES;
				CLANG_ANALYZER_NUMBER_OBJECT_CONVERSION = YES_AGGRESSIVE;
				CLANG_CXX_LANGUAGE_STANDARD = "gnu++14";
				CLANG_CXX_LIBRARY = "libc++";
				CLANG_ENABLE_MODULES = YES;
				CLANG_ENABLE_OBJC_ARC = YES;
				CLANG_ENABLE_OBJC_WEAK = YES;
				CLANG_WARN_BLOCK_CAPTURE_AUTORELEASING = YES;
				CLANG_WARN_BOOL_CONVERSION = YES;
				CLANG_WARN_COMMA = YES;
				CLANG_WARN_CONSTANT_CONVERSION = YES;
				CLANG_WARN_DEPRECATED_OBJC_IMPLEMENTATIONS = YES;
				CLANG_WARN_DIRECT_OBJC_ISA_USAGE = YES_ERROR;
				CLANG_WARN_DOCUMENTATION_COMMENTS = YES;
				CLANG_WARN_EMPTY_BODY = YES;
				CLANG_WARN_ENUM_CONVERSION = YES;
				CLANG_WARN_INFINITE_RECURSION = YES;
				CLANG_WARN_INT_CONVERSION = YES;
				CLANG_WARN_NON_LITERAL_NULL_CONVERSION = YES;
				CLANG_WARN_OBJC_IMPLICIT_RETAIN_SELF = YES;
				CLANG_WARN_OBJC_LITERAL_CONVERSION = YES;
				CLANG_WARN_OBJC_ROOT_CLASS = YES_ERROR;
				CLANG_WARN_RANGE_LOOP_ANALYSIS = YES;
				CLANG_WARN_STRICT_PROTOTYPES = YES;
				CLANG_WARN_SUSPICIOUS_MOVE = YES;
				CLANG_WARN_UNGUARDED_AVAILABILITY = YES_AGGRESSIVE;
				CLANG_WARN_UNREACHABLE_CODE = YES;
				CLANG_WARN__DUPLICATE_METHOD_MATCH = YES;
				CODE_SIGN_IDENTITY = "iPhone Developer";
				COPY_PHASE_STRIP = NO;
				DEBUG_INFORMATION_FORMAT = dwarf;
				ENABLE_STRICT_OBJC_MSGSEND = YES;
				ENABLE_TESTABILITY = YES;
				GCC_C_LANGUAGE_STANDARD = gnu11;
				GCC_DYNAMIC_NO_PIC = NO;
				GCC_NO_COMMON_BLOCKS = YES;
				GCC_OPTIMIZATION_LEVEL = 0;
				GCC_PREPROCESSOR_DEFINITIONS = (
					"DEBUG=1",
					"$(inherited)",
				);
				GCC_WARN_64_TO_32_BIT_CONVERSION = YES;
				GCC_WARN_ABOUT_RETURN_TYPE = YES_ERROR;
				GCC_WARN_UNDECLARED_SELECTOR = YES;
				GCC_WARN_UNINITIALIZED_AUTOS = YES_AGGRESSIVE;
				GCC_WARN_UNUSED_FUNCTION = YES;
				GCC_WARN_UNUSED_VARIABLE = YES;
				IPHONEOS_DEPLOYMENT_TARGET = 11.4;
				MTL_ENABLE_DEBUG_INFO = YES;
				ONLY_ACTIVE_ARCH = YES;
				SDKROOT = iphoneos;
				SWIFT_ACTIVE_COMPILATION_CONDITIONS = DEBUG;
				SWIFT_OPTIMIZATION_LEVEL = "-Onone";
			};
			name = Debug;
		};
		DBABDAB520E75F2B00DB5B97 /* Release */ = {
			isa = XCBuildConfiguration;
			buildSettings = {
				ALWAYS_SEARCH_USER_PATHS = NO;
				CLANG_ANALYZER_NONNULL = YES;
				CLANG_ANALYZER_NUMBER_OBJECT_CONVERSION = YES_AGGRESSIVE;
				CLANG_CXX_LANGUAGE_STANDARD = "gnu++14";
				CLANG_CXX_LIBRARY = "libc++";
				CLANG_ENABLE_MODULES = YES;
				CLANG_ENABLE_OBJC_ARC = YES;
				CLANG_ENABLE_OBJC_WEAK = YES;
				CLANG_WARN_BLOCK_CAPTURE_AUTORELEASING = YES;
				CLANG_WARN_BOOL_CONVERSION = YES;
				CLANG_WARN_COMMA = YES;
				CLANG_WARN_CONSTANT_CONVERSION = YES;
				CLANG_WARN_DEPRECATED_OBJC_IMPLEMENTATIONS = YES;
				CLANG_WARN_DIRECT_OBJC_ISA_USAGE = YES_ERROR;
				CLANG_WARN_DOCUMENTATION_COMMENTS = YES;
				CLANG_WARN_EMPTY_BODY = YES;
				CLANG_WARN_ENUM_CONVERSION = YES;
				CLANG_WARN_INFINITE_RECURSION = YES;
				CLANG_WARN_INT_CONVERSION = YES;
				CLANG_WARN_NON_LITERAL_NULL_CONVERSION = YES;
				CLANG_WARN_OBJC_IMPLICIT_RETAIN_SELF = YES;
				CLANG_WARN_OBJC_LITERAL_CONVERSION = YES;
				CLANG_WARN_OBJC_ROOT_CLASS = YES_ERROR;
				CLANG_WARN_RANGE_LOOP_ANALYSIS = YES;
				CLANG_WARN_STRICT_PROTOTYPES = YES;
				CLANG_WARN_SUSPICIOUS_MOVE = YES;
				CLANG_WARN_UNGUARDED_AVAILABILITY = YES_AGGRESSIVE;
				CLANG_WARN_UNREACHABLE_CODE = YES;
				CLANG_WARN__DUPLICATE_METHOD_MATCH = YES;
				CODE_SIGN_IDENTITY = "iPhone Developer";
				COPY_PHASE_STRIP = NO;
				DEBUG_INFORMATION_FORMAT = "dwarf-with-dsym";
				ENABLE_NS_ASSERTIONS = NO;
				ENABLE_STRICT_OBJC_MSGSEND = YES;
				GCC_C_LANGUAGE_STANDARD = gnu11;
				GCC_NO_COMMON_BLOCKS = YES;
				GCC_WARN_64_TO_32_BIT_CONVERSION = YES;
				GCC_WARN_ABOUT_RETURN_TYPE = YES_ERROR;
				GCC_WARN_UNDECLARED_SELECTOR = YES;
				GCC_WARN_UNINITIALIZED_AUTOS = YES_AGGRESSIVE;
				GCC_WARN_UNUSED_FUNCTION = YES;
				GCC_WARN_UNUSED_VARIABLE = YES;
				IPHONEOS_DEPLOYMENT_TARGET = 11.4;
				MTL_ENABLE_DEBUG_INFO = NO;
				SDKROOT = iphoneos;
				SWIFT_COMPILATION_MODE = wholemodule;
				SWIFT_OPTIMIZATION_LEVEL = "-O";
				VALIDATE_PRODUCT = YES;
			};
			name = Release;
		};
		DBABDAB720E75F2B00DB5B97 /* Debug */ = {
			isa = XCBuildConfiguration;
			buildSettings = {
				ASSETCATALOG_COMPILER_APPICON_NAME = AppIcon;
				CODE_SIGN_STYLE = Automatic;
				DEVELOPMENT_TEAM = 49395254M6;
				INFOPLIST_FILE = Users/Info.plist;
				LD_RUNPATH_SEARCH_PATHS = (
					"$(inherited)",
					"@executable_path/Frameworks",
				);
				PRODUCT_BUNDLE_IDENTIFIER = com.ipardosi.Users;
				PRODUCT_NAME = "$(TARGET_NAME)";
				SWIFT_VERSION = 4.0;
				TARGETED_DEVICE_FAMILY = "1,2";
			};
			name = Debug;
		};
		DBABDAB820E75F2B00DB5B97 /* Release */ = {
			isa = XCBuildConfiguration;
			buildSettings = {
				ASSETCATALOG_COMPILER_APPICON_NAME = AppIcon;
				CODE_SIGN_STYLE = Automatic;
				DEVELOPMENT_TEAM = 49395254M6;
				INFOPLIST_FILE = Users/Info.plist;
				LD_RUNPATH_SEARCH_PATHS = (
					"$(inherited)",
					"@executable_path/Frameworks",
				);
				PRODUCT_BUNDLE_IDENTIFIER = com.ipardosi.Users;
				PRODUCT_NAME = "$(TARGET_NAME)";
				SWIFT_VERSION = 4.0;
				TARGETED_DEVICE_FAMILY = "1,2";
			};
			name = Release;
		};
/* End XCBuildConfiguration section */

/* Begin XCConfigurationList section */
		DBABDA9F20E75F2A00DB5B97 /* Build configuration list for PBXProject "Users" */ = {
			isa = XCConfigurationList;
			buildConfigurations = (
				DBABDAB420E75F2B00DB5B97 /* Debug */,
				DBABDAB520E75F2B00DB5B97 /* Release */,
			);
			defaultConfigurationIsVisible = 0;
			defaultConfigurationName = Release;
		};
		DBABDAB620E75F2B00DB5B97 /* Build configuration list for PBXNativeTarget "Users" */ = {
			isa = XCConfigurationList;
			buildConfigurations = (
				DBABDAB720E75F2B00DB5B97 /* Debug */,
				DBABDAB820E75F2B00DB5B97 /* Release */,
			);
			defaultConfigurationIsVisible = 0;
			defaultConfigurationName = Release;
		};
/* End XCConfigurationList section */
	};
	rootObject = DBABDA9C20E75F2A00DB5B97 /* Project object */;
}
